
Microsoft Visual Studio Solution File, Format Version 12.00
# Visual Studio Version 17
VisualStudioVersion = 17.0.31903.59
MinimumVisualStudioVersion = 10.0.40219.1
Project("{2150E333-8FDC-42A3-9474-1A3956D46DE8}") = "src", "src", "{827E0CD3-B72D-47B6-A68D-7590B98EB39B}"
EndProject
Project("{FAE04EC0-301F-11D3-BF4B-00C04F79EFBC}") = "LifeOrchestration.Core", "src\LifeOrchestration.Core\LifeOrchestration.Core.csproj", "{69C235CD-98D2-4D68-8E31-97D283BC4960}"
EndProject
Project("{FAE04EC0-301F-11D3-BF4B-00C04F79EFBC}") = "LifeOrchestration.Infrastructure", "src\LifeOrchestration.Infrastructure\LifeOrchestration.Infrastructure.csproj", "{89E77200-582A-4FF7-ADDE-20D622CD1682}"
EndProject
Project("{FAE04EC0-301F-11D3-BF4B-00C04F79EFBC}") = "LifeOrchestration.Api", "src\LifeOrchestration.Api\LifeOrchestration.Api.csproj", "{B8C5C0F3-669F-40DC-A110-F59D5DD894B8}"
EndProject
Project("{FAE04EC0-301F-11D3-BF4B-00C04F79EFBC}") = "LifeOrchestration.Cli", "src\LifeOrchestration.Cli\LifeOrchestration.Cli.csproj", "{BAE2D0A8-757E-46C0-8105-13F8A1731EBF}"
EndProject
Project("{FAE04EC0-301F-11D3-BF4B-00C04F79EFBC}") = "LifeOrchestration.Web", "src\LifeOrchestration.Web\LifeOrchestration.Web.csproj", "{F3AD6A76-C4B7-473A-9736-F74BB4B9B3C7}"
EndProject
Global
	GlobalSection(SolutionConfigurationPlatforms) = preSolution
		Debug|Any CPU = Debug|Any CPU
		Debug|x64 = Debug|x64
		Debug|x86 = Debug|x86
		Release|Any CPU = Release|Any CPU
		Release|x64 = Release|x64
		Release|x86 = Release|x86
	EndGlobalSection
	GlobalSection(ProjectConfigurationPlatforms) = postSolution
		{69C235CD-98D2-4D68-8E31-97D283BC4960}.Debug|Any CPU.ActiveCfg = Debug|Any CPU
		{69C235CD-98D2-4D68-8E31-97D283BC4960}.Debug|Any CPU.Build.0 = Debug|Any CPU
		{69C235CD-98D2-4D68-8E31-97D283BC4960}.Debug|x64.ActiveCfg = Debug|Any CPU
		{69C235CD-98D2-4D68-8E31-97D283BC4960}.Debug|x64.Build.0 = Debug|Any CPU
		{69C235CD-98D2-4D68-8E31-97D283BC4960}.Debug|x86.ActiveCfg = Debug|Any CPU
		{69C235CD-98D2-4D68-8E31-97D283BC4960}.Debug|x86.Build.0 = Debug|Any CPU
		{69C235CD-98D2-4D68-8E31-97D283BC4960}.Release|Any CPU.ActiveCfg = Release|Any CPU
		{69C235CD-98D2-4D68-8E31-97D283BC4960}.Release|Any CPU.Build.0 = Release|Any CPU
		{69C235CD-98D2-4D68-8E31-97D283BC4960}.Release|x64.ActiveCfg = Release|Any CPU
		{69C235CD-98D2-4D68-8E31-97D283BC4960}.Release|x64.Build.0 = Release|Any CPU
		{69C235CD-98D2-4D68-8E31-97D283BC4960}.Release|x86.ActiveCfg = Release|Any CPU
		{69C235CD-98D2-4D68-8E31-97D283BC4960}.Release|x86.Build.0 = Release|Any CPU
		{89E77200-582A-4FF7-ADDE-20D622CD1682}.Debug|Any CPU.ActiveCfg = Debug|Any CPU
		{89E77200-582A-4FF7-ADDE-20D622CD1682}.Debug|Any CPU.Build.0 = Debug|Any CPU
		{89E77200-582A-4FF7-ADDE-20D622CD1682}.Debug|x64.ActiveCfg = Debug|Any CPU
		{89E77200-582A-4FF7-ADDE-20D622CD1682}.Debug|x64.Build.0 = Debug|Any CPU
		{89E77200-582A-4FF7-ADDE-20D622CD1682}.Debug|x86.ActiveCfg = Debug|Any CPU
		{89E77200-582A-4FF7-ADDE-20D622CD1682}.Debug|x86.Build.0 = Debug|Any CPU
		{89E77200-582A-4FF7-ADDE-20D622CD1682}.Release|Any CPU.ActiveCfg = Release|Any CPU
		{89E77200-582A-4FF7-ADDE-20D622CD1682}.Release|Any CPU.Build.0 = Release|Any CPU
		{89E77200-582A-4FF7-ADDE-20D622CD1682}.Release|x64.ActiveCfg = Release|Any CPU
		{89E77200-582A-4FF7-ADDE-20D622CD1682}.Release|x64.Build.0 = Release|Any CPU
		{89E77200-582A-4FF7-ADDE-20D622CD1682}.Release|x86.ActiveCfg = Release|Any CPU
		{89E77200-582A-4FF7-ADDE-20D622CD1682}.Release|x86.Build.0 = Release|Any CPU
		{B8C5C0F3-669F-40DC-A110-F59D5DD894B8}.Debug|Any CPU.ActiveCfg = Debug|Any CPU
		{B8C5C0F3-669F-40DC-A110-F59D5DD894B8}.Debug|Any CPU.Build.0 = Debug|Any CPU
		{B8C5C0F3-669F-40DC-A110-F59D5DD894B8}.Debug|x64.ActiveCfg = Debug|Any CPU
		{B8C5C0F3-669F-40DC-A110-F59D5DD894B8}.Debug|x64.Build.0 = Debug|Any CPU
		{B8C5C0F3-669F-40DC-A110-F59D5DD894B8}.Debug|x86.ActiveCfg = Debug|Any CPU
		{B8C5C0F3-669F-40DC-A110-F59D5DD894B8}.Debug|x86.Build.0 = Debug|Any CPU
		{B8C5C0F3-669F-40DC-A110-F59D5DD894B8}.Release|Any CPU.ActiveCfg = Release|Any CPU
		{B8C5C0F3-669F-40DC-A110-F59D5DD894B8}.Release|Any CPU.Build.0 = Release|Any CPU
		{B8C5C0F3-669F-40DC-A110-F59D5DD894B8}.Release|x64.ActiveCfg = Release|Any CPU
		{B8C5C0F3-669F-40DC-A110-F59D5DD894B8}.Release|x64.Build.0 = Release|Any CPU
		{B8C5C0F3-669F-40DC-A110-F59D5DD894B8}.Release|x86.ActiveCfg = Release|Any CPU
		{B8C5C0F3-669F-40DC-A110-F59D5DD894B8}.Release|x86.Build.0 = Release|Any CPU
		{BAE2D0A8-757E-46C0-8105-13F8A1731EBF}.Debug|Any CPU.ActiveCfg = Debug|Any CPU
		{BAE2D0A8-757E-46C0-8105-13F8A1731EBF}.Debug|Any CPU.Build.0 = Debug|Any CPU
		{BAE2D0A8-757E-46C0-8105-13F8A1731EBF}.Debug|x64.ActiveCfg = Debug|Any CPU
		{BAE2D0A8-757E-46C0-8105-13F8A1731EBF}.Debug|x64.Build.0 = Debug|Any CPU
		{BAE2D0A8-757E-46C0-8105-13F8A1731EBF}.Debug|x86.ActiveCfg = Debug|Any CPU
		{BAE2D0A8-757E-46C0-8105-13F8A1731EBF}.Debug|x86.Build.0 = Debug|Any CPU
		{BAE2D0A8-757E-46C0-8105-13F8A1731EBF}.Release|Any CPU.ActiveCfg = Release|Any CPU
		{BAE2D0A8-757E-46C0-8105-13F8A1731EBF}.Release|Any CPU.Build.0 = Release|Any CPU
		{BAE2D0A8-757E-46C0-8105-13F8A1731EBF}.Release|x64.ActiveCfg = Release|Any CPU
		{BAE2D0A8-757E-46C0-8105-13F8A1731EBF}.Release|x64.Build.0 = Release|Any CPU
		{BAE2D0A8-757E-46C0-8105-13F8A1731EBF}.Release|x86.ActiveCfg = Release|Any CPU
		{BAE2D0A8-757E-46C0-8105-13F8A1731EBF}.Release|x86.Build.0 = Release|Any CPU
		{F3AD6A76-C4B7-473A-9736-F74BB4B9B3C7}.Debug|Any CPU.ActiveCfg = Debug|Any CPU
		{F3AD6A76-C4B7-473A-9736-F74BB4B9B3C7}.Debug|Any CPU.Build.0 = Debug|Any CPU
		{F3AD6A76-C4B7-473A-9736-F74BB4B9B3C7}.Debug|x64.ActiveCfg = Debug|Any CPU
		{F3AD6A76-C4B7-473A-9736-F74BB4B9B3C7}.Debug|x64.Build.0 = Debug|Any CPU
		{F3AD6A76-C4B7-473A-9736-F74BB4B9B3C7}.Debug|x86.ActiveCfg = Debug|Any CPU
		{F3AD6A76-C4B7-473A-9736-F74BB4B9B3C7}.Debug|x86.Build.0 = Debug|Any CPU
		{F3AD6A76-C4B7-473A-9736-F74BB4B9B3C7}.Release|Any CPU.ActiveCfg = Release|Any CPU
		{F3AD6A76-C4B7-473A-9736-F74BB4B9B3C7}.Release|Any CPU.Build.0 = Release|Any CPU
		{F3AD6A76-C4B7-473A-9736-F74BB4B9B3C7}.Release|x64.ActiveCfg = Release|Any CPU
		{F3AD6A76-C4B7-473A-9736-F74BB4B9B3C7}.Release|x64.Build.0 = Release|Any CPU
		{F3AD6A76-C4B7-473A-9736-F74BB4B9B3C7}.Release|x86.ActiveCfg = Release|Any CPU
		{F3AD6A76-C4B7-473A-9736-F74BB4B9B3C7}.Release|x86.Build.0 = Release|Any CPU
	EndGlobalSection
	GlobalSection(SolutionProperties) = preSolution
		HideSolutionNode = FALSE
	EndGlobalSection
	GlobalSection(NestedProjects) = preSolution
		{69C235CD-98D2-4D68-8E31-97D283BC4960} = {827E0CD3-B72D-47B6-A68D-7590B98EB39B}
		{89E77200-582A-4FF7-ADDE-20D622CD1682} = {827E0CD3-B72D-47B6-A68D-7590B98EB39B}
		{B8C5C0F3-669F-40DC-A110-F59D5DD894B8} = {827E0CD3-B72D-47B6-A68D-7590B98EB39B}
		{BAE2D0A8-757E-46C0-8105-13F8A1731EBF} = {827E0CD3-B72D-47B6-A68D-7590B98EB39B}
		{F3AD6A76-C4B7-473A-9736-F74BB4B9B3C7} = {827E0CD3-B72D-47B6-A68D-7590B98EB39B}
	EndGlobalSection
EndGlobal
